
Microsoft Visual Studio Solution File, Format Version 12.00
# Visual Studio Version 17
VisualStudioVersion = 17.12.35309.182
MinimumVisualStudioVersion = 10.0.40219.1
Project("{FAE04EC0-301F-11D3-BF4B-00C04F79EFBC}") = "Taller-Git", "Taller-Git\Taller-Git.csproj", "{76B8A2FB-B2B8-4116-8F0F-0E73B4072B8B}"
EndProject
Global
	GlobalSection(SolutionConfigurationPlatforms) = preSolution
		Debug|Any CPU = Debug|Any CPU
		Release|Any CPU = Release|Any CPU
	EndGlobalSection
	GlobalSection(ProjectConfigurationPlatforms) = postSolution
		{76B8A2FB-B2B8-4116-8F0F-0E73B4072B8B}.Debug|Any CPU.ActiveCfg = Debug|Any CPU
		{76B8A2FB-B2B8-4116-8F0F-0E73B4072B8B}.Debug|Any CPU.Build.0 = Debug|Any CPU
		{76B8A2FB-B2B8-4116-8F0F-0E73B4072B8B}.Debug|Any CPU.Deploy.0 = Debug|Any CPU
		{76B8A2FB-B2B8-4116-8F0F-0E73B4072B8B}.Release|Any CPU.ActiveCfg = Release|Any CPU
		{76B8A2FB-B2B8-4116-8F0F-0E73B4072B8B}.Release|Any CPU.Build.0 = Release|Any CPU
		{76B8A2FB-B2B8-4116-8F0F-0E73B4072B8B}.Release|Any CPU.Deploy.0 = Release|Any CPU
	EndGlobalSection
	GlobalSection(SolutionProperties) = preSolution
		HideSolutionNode = FALSE
	EndGlobalSection
	GlobalSection(ExtensibilityGlobals) = postSolution
		SolutionGuid = {6687EFEF-76F5-4BBD-8430-FECF8A161EE6}
	EndGlobalSection
EndGlobal
